// !$*UTF8*$!
{
	archiveVersion = 1;
	classes = {
	};
	objectVersion = 55;
	objects = {

/* Begin PBXBuildFile section */
		27BD5C9727AC1F4B006F8B6C /* AppDelegate.swift in Sources */ = {isa = PBXBuildFile; fileRef = 27BD5C9627AC1F4B006F8B6C /* AppDelegate.swift */; };
		27BD5C9927AC1F4B006F8B6C /* SceneDelegate.swift in Sources */ = {isa = PBXBuildFile; fileRef = 27BD5C9827AC1F4B006F8B6C /* SceneDelegate.swift */; };
		27BD5C9B27AC1F4B006F8B6C /* MainViewController.swift in Sources */ = {isa = PBXBuildFile; fileRef = 27BD5C9A27AC1F4B006F8B6C /* MainViewController.swift */; };
		27BD5C9E27AC1F4B006F8B6C /* Main.storyboard in Resources */ = {isa = PBXBuildFile; fileRef = 27BD5C9C27AC1F4B006F8B6C /* Main.storyboard */; };
		27BD5CA027AC1F4E006F8B6C /* Assets.xcassets in Resources */ = {isa = PBXBuildFile; fileRef = 27BD5C9F27AC1F4E006F8B6C /* Assets.xcassets */; };
		27BD5CA327AC1F4E006F8B6C /* LaunchScreen.storyboard in Resources */ = {isa = PBXBuildFile; fileRef = 27BD5CA127AC1F4E006F8B6C /* LaunchScreen.storyboard */; };
		27BD5CAB27AC1F80006F8B6C /* APICaller.swift in Sources */ = {isa = PBXBuildFile; fileRef = 27BD5CAA27AC1F80006F8B6C /* APICaller.swift */; };
		27BD5CAD27AC1F8C006F8B6C /* RedditModel.swift in Sources */ = {isa = PBXBuildFile; fileRef = 27BD5CAC27AC1F8C006F8B6C /* RedditModel.swift */; };
		27BD5CAF27AC1F9F006F8B6C /* Constants.swift in Sources */ = {isa = PBXBuildFile; fileRef = 27BD5CAE27AC1F9F006F8B6C /* Constants.swift */; };
		27BD5CB127AC1FC6006F8B6C /* MainTableViewCell.swift in Sources */ = {isa = PBXBuildFile; fileRef = 27BD5CB027AC1FC6006F8B6C /* MainTableViewCell.swift */; };
		27BD5CB327AC1FDD006F8B6C /* MainViewModel.swift in Sources */ = {isa = PBXBuildFile; fileRef = 27BD5CB227AC1FDD006F8B6C /* MainViewModel.swift */; };
/* End PBXBuildFile section */

/* Begin PBXFileReference section */
		27BD5C9327AC1F4B006F8B6C /* AppNationRedditProject.app */ = {isa = PBXFileReference; explicitFileType = wrapper.application; includeInIndex = 0; path = AppNationRedditProject.app; sourceTree = BUILT_PRODUCTS_DIR; };
		27BD5C9627AC1F4B006F8B6C /* AppDelegate.swift */ = {isa = PBXFileReference; lastKnownFileType = sourcecode.swift; path = AppDelegate.swift; sourceTree = "<group>"; };
		27BD5C9827AC1F4B006F8B6C /* SceneDelegate.swift */ = {isa = PBXFileReference; lastKnownFileType = sourcecode.swift; path = SceneDelegate.swift; sourceTree = "<group>"; };
		27BD5C9A27AC1F4B006F8B6C /* MainViewController.swift */ = {isa = PBXFileReference; lastKnownFileType = sourcecode.swift; path = MainViewController.swift; sourceTree = "<group>"; };
		27BD5C9D27AC1F4B006F8B6C /* Base */ = {isa = PBXFileReference; lastKnownFileType = file.storyboard; name = Base; path = Base.lproj/Main.storyboard; sourceTree = "<group>"; };
		27BD5C9F27AC1F4E006F8B6C /* Assets.xcassets */ = {isa = PBXFileReference; lastKnownFileType = folder.assetcatalog; path = Assets.xcassets; sourceTree = "<group>"; };
		27BD5CA227AC1F4E006F8B6C /* Base */ = {isa = PBXFileReference; lastKnownFileType = file.storyboard; name = Base; path = Base.lproj/LaunchScreen.storyboard; sourceTree = "<group>"; };
		27BD5CA427AC1F4E006F8B6C /* Info.plist */ = {isa = PBXFileReference; lastKnownFileType = text.plist.xml; path = Info.plist; sourceTree = "<group>"; };
		27BD5CAA27AC1F80006F8B6C /* APICaller.swift */ = {isa = PBXFileReference; lastKnownFileType = sourcecode.swift; path = APICaller.swift; sourceTree = "<group>"; };
		27BD5CAC27AC1F8C006F8B6C /* RedditModel.swift */ = {isa = PBXFileReference; lastKnownFileType = sourcecode.swift; path = RedditModel.swift; sourceTree = "<group>"; };
		27BD5CAE27AC1F9F006F8B6C /* Constants.swift */ = {isa = PBXFileReference; lastKnownFileType = sourcecode.swift; path = Constants.swift; sourceTree = "<group>"; };
		27BD5CB027AC1FC6006F8B6C /* MainTableViewCell.swift */ = {isa = PBXFileReference; lastKnownFileType = sourcecode.swift; path = MainTableViewCell.swift; sourceTree = "<group>"; };
		27BD5CB227AC1FDD006F8B6C /* MainViewModel.swift */ = {isa = PBXFileReference; lastKnownFileType = sourcecode.swift; path = MainViewModel.swift; sourceTree = "<group>"; };
/* End PBXFileReference section */

/* Begin PBXFrameworksBuildPhase section */
		27BD5C9027AC1F4B006F8B6C /* Frameworks */ = {
			isa = PBXFrameworksBuildPhase;
			buildActionMask = 2147483647;
			files = (
			);
			runOnlyForDeploymentPostprocessing = 0;
		};
/* End PBXFrameworksBuildPhase section */

/* Begin PBXGroup section */
		27BD5C8A27AC1F4B006F8B6C = {
			isa = PBXGroup;
			children = (
				27BD5C9527AC1F4B006F8B6C /* AppNationRedditProject */,
				27BD5C9427AC1F4B006F8B6C /* Products */,
			);
			sourceTree = "<group>";
		};
		27BD5C9427AC1F4B006F8B6C /* Products */ = {
			isa = PBXGroup;
			children = (
				27BD5C9327AC1F4B006F8B6C /* AppNationRedditProject.app */,
			);
			name = Products;
			sourceTree = "<group>";
		};
		27BD5C9527AC1F4B006F8B6C /* AppNationRedditProject */ = {
			isa = PBXGroup;
			children = (
				27BD5C9627AC1F4B006F8B6C /* AppDelegate.swift */,
				27BD5C9827AC1F4B006F8B6C /* SceneDelegate.swift */,
				27BD5C9A27AC1F4B006F8B6C /* MainViewController.swift */,
				27BD5CB027AC1FC6006F8B6C /* MainTableViewCell.swift */,
				27BD5C9C27AC1F4B006F8B6C /* Main.storyboard */,
				27BD5C9F27AC1F4E006F8B6C /* Assets.xcassets */,
				27BD5CA127AC1F4E006F8B6C /* LaunchScreen.storyboard */,
				27BD5CA427AC1F4E006F8B6C /* Info.plist */,
				27BD5CAA27AC1F80006F8B6C /* APICaller.swift */,
				27BD5CAC27AC1F8C006F8B6C /* RedditModel.swift */,
				27BD5CAE27AC1F9F006F8B6C /* Constants.swift */,
				27BD5CB227AC1FDD006F8B6C /* MainViewModel.swift */,
			);
			path = AppNationRedditProject;
			sourceTree = "<group>";
		};
/* End PBXGroup section */

/* Begin PBXNativeTarget section */
		27BD5C9227AC1F4B006F8B6C /* AppNationRedditProject */ = {
			isa = PBXNativeTarget;
			buildConfigurationList = 27BD5CA727AC1F4E006F8B6C /* Build configuration list for PBXNativeTarget "AppNationRedditProject" */;
			buildPhases = (
				27BD5C8F27AC1F4B006F8B6C /* Sources */,
				27BD5C9027AC1F4B006F8B6C /* Frameworks */,
				27BD5C9127AC1F4B006F8B6C /* Resources */,
			);
			buildRules = (
			);
			dependencies = (
			);
			name = AppNationRedditProject;
			productName = AppNationRedditProject;
			productReference = 27BD5C9327AC1F4B006F8B6C /* AppNationRedditProject.app */;
			productType = "com.apple.product-type.application";
		};
/* End PBXNativeTarget section */

/* Begin PBXProject section */
		27BD5C8B27AC1F4B006F8B6C /* Project object */ = {
			isa = PBXProject;
			attributes = {
				BuildIndependentTargetsInParallel = 1;
				LastSwiftUpdateCheck = 1320;
				LastUpgradeCheck = 1320;
				TargetAttributes = {
					27BD5C9227AC1F4B006F8B6C = {
						CreatedOnToolsVersion = 13.2.1;
					};
				};
			};
			buildConfigurationList = 27BD5C8E27AC1F4B006F8B6C /* Build configuration list for PBXProject "AppNationRedditProject" */;
			compatibilityVersion = "Xcode 13.0";
			developmentRegion = en;
			hasScannedForEncodings = 0;
			knownRegions = (
				en,
				Base,
			);
			mainGroup = 27BD5C8A27AC1F4B006F8B6C;
			productRefGroup = 27BD5C9427AC1F4B006F8B6C /* Products */;
			projectDirPath = "";
			projectRoot = "";
			targets = (
				27BD5C9227AC1F4B006F8B6C /* AppNationRedditProject */,
			);
		};
/* End PBXProject section */

/* Begin PBXResourcesBuildPhase section */
		27BD5C9127AC1F4B006F8B6C /* Resources */ = {
			isa = PBXResourcesBuildPhase;
			buildActionMask = 2147483647;
			files = (
				27BD5CA327AC1F4E006F8B6C /* LaunchScreen.storyboard in Resources */,
				27BD5CA027AC1F4E006F8B6C /* Assets.xcassets in Resources */,
				27BD5C9E27AC1F4B006F8B6C /* Main.storyboard in Resources */,
			);
			runOnlyForDeploymentPostprocessing = 0;
		};
/* End PBXResourcesBuildPhase section */

/* Begin PBXSourcesBuildPhase section */
		27BD5C8F27AC1F4B006F8B6C /* Sources */ = {
			isa = PBXSourcesBuildPhase;
			buildActionMask = 2147483647;
			files = (
				27BD5C9B27AC1F4B006F8B6C /* MainViewController.swift in Sources */,
				27BD5C9727AC1F4B006F8B6C /* AppDelegate.swift in Sources */,
				27BD5CAD27AC1F8C006F8B6C /* RedditModel.swift in Sources */,
				27BD5CB127AC1FC6006F8B6C /* MainTableViewCell.swift in Sources */,
				27BD5C9927AC1F4B006F8B6C /* SceneDelegate.swift in Sources */,
				27BD5CAB27AC1F80006F8B6C /* APICaller.swift in Sources */,
				27BD5CAF27AC1F9F006F8B6C /* Constants.swift in Sources */,
				27BD5CB327AC1FDD006F8B6C /* MainViewModel.swift in Sources */,
			);
			runOnlyForDeploymentPostprocessing = 0;
		};
/* End PBXSourcesBuildPhase section */

/* Begin PBXVariantGroup section */
		27BD5C9C27AC1F4B006F8B6C /* Main.storyboard */ = {
			isa = PBXVariantGroup;
			children = (
				27BD5C9D27AC1F4B006F8B6C /* Base */,
			);
			name = Main.storyboard;
			sourceTree = "<group>";
		};
		27BD5CA127AC1F4E006F8B6C /* LaunchScreen.storyboard */ = {
			isa = PBXVariantGroup;
			children = (
				27BD5CA227AC1F4E006F8B6C /* Base */,
			);
			name = LaunchScreen.storyboard;
			sourceTree = "<group>";
		};
/* End PBXVariantGroup section */

/* Begin XCBuildConfiguration section */
		27BD5CA527AC1F4E006F8B6C /* Debug */ = {
			isa = XCBuildConfiguration;
			buildSettings = {
				ALWAYS_SEARCH_USER_PATHS = NO;
				CLANG_ANALYZER_NONNULL = YES;
				CLANG_ANALYZER_NUMBER_OBJECT_CONVERSION = YES_AGGRESSIVE;
				CLANG_CXX_LANGUAGE_STANDARD = "gnu++17";
				CLANG_CXX_LIBRARY = "libc++";
				CLANG_ENABLE_MODULES = YES;
				CLANG_ENABLE_OBJC_ARC = YES;
				CLANG_ENABLE_OBJC_WEAK = YES;
				CLANG_WARN_BLOCK_CAPTURE_AUTORELEASING = YES;
				CLANG_WARN_BOOL_CONVERSION = YES;
				CLANG_WARN_COMMA = YES;
				CLANG_WARN_CONSTANT_CONVERSION = YES;
				CLANG_WARN_DEPRECATED_OBJC_IMPLEMENTATIONS = YES;
				CLANG_WARN_DIRECT_OBJC_ISA_USAGE = YES_ERROR;
				CLANG_WARN_DOCUMENTATION_COMMENTS = YES;
				CLANG_WARN_EMPTY_BODY = YES;
				CLANG_WARN_ENUM_CONVERSION = YES;
				CLANG_WARN_INFINITE_RECURSION = YES;
				CLANG_WARN_INT_CONVERSION = YES;
				CLANG_WARN_NON_LITERAL_NULL_CONVERSION = YES;
				CLANG_WARN_OBJC_IMPLICIT_RETAIN_SELF = YES;
				CLANG_WARN_OBJC_LITERAL_CONVERSION = YES;
				CLANG_WARN_OBJC_ROOT_CLASS = YES_ERROR;
				CLANG_WARN_QUOTED_INCLUDE_IN_FRAMEWORK_HEADER = YES;
				CLANG_WARN_RANGE_LOOP_ANALYSIS = YES;
				CLANG_WARN_STRICT_PROTOTYPES = YES;
				CLANG_WARN_SUSPICIOUS_MOVE = YES;
				CLANG_WARN_UNGUARDED_AVAILABILITY = YES_AGGRESSIVE;
				CLANG_WARN_UNREACHABLE_CODE = YES;
				CLANG_WARN__DUPLICATE_METHOD_MATCH = YES;
				COPY_PHASE_STRIP = NO;
				DEBUG_INFORMATION_FORMAT = dwarf;
				ENABLE_STRICT_OBJC_MSGSEND = YES;
				ENABLE_TESTABILITY = YES;
				GCC_C_LANGUAGE_STANDARD = gnu11;
				GCC_DYNAMIC_NO_PIC = NO;
				GCC_NO_COMMON_BLOCKS = YES;
				GCC_OPTIMIZATION_LEVEL = 0;
				GCC_PREPROCESSOR_DEFINITIONS = (
					"DEBUG=1",
					"$(inherited)",
				);
				GCC_WARN_64_TO_32_BIT_CONVERSION = YES;
				GCC_WARN_ABOUT_RETURN_TYPE = YES_ERROR;
				GCC_WARN_UNDECLARED_SELECTOR = YES;
				GCC_WARN_UNINITIALIZED_AUTOS = YES_AGGRESSIVE;
				GCC_WARN_UNUSED_FUNCTION = YES;
				GCC_WARN_UNUSED_VARIABLE = YES;
				IPHONEOS_DEPLOYMENT_TARGET = 15.2;
				MTL_ENABLE_DEBUG_INFO = INCLUDE_SOURCE;
				MTL_FAST_MATH = YES;
				ONLY_ACTIVE_ARCH = YES;
				SDKROOT = iphoneos;
				SWIFT_ACTIVE_COMPILATION_CONDITIONS = DEBUG;
				SWIFT_OPTIMIZATION_LEVEL = "-Onone";
			};
			name = Debug;
		};
		27BD5CA627AC1F4E006F8B6C /* Release */ = {
			isa = XCBuildConfiguration;
			buildSettings = {
				ALWAYS_SEARCH_USER_PATHS = NO;
				CLANG_ANALYZER_NONNULL = YES;
				CLANG_ANALYZER_NUMBER_OBJECT_CONVERSION = YES_AGGRESSIVE;
				CLANG_CXX_LANGUAGE_STANDARD = "gnu++17";
				CLANG_CXX_LIBRARY = "libc++";
				CLANG_ENABLE_MODULES = YES;
				CLANG_ENABLE_OBJC_ARC = YES;
				CLANG_ENABLE_OBJC_WEAK = YES;
				CLANG_WARN_BLOCK_CAPTURE_AUTORELEASING = YES;
				CLANG_WARN_BOOL_CONVERSION = YES;
				CLANG_WARN_COMMA = YES;
				CLANG_WARN_CONSTANT_CONVERSION = YES;
				CLANG_WARN_DEPRECATED_OBJC_IMPLEMENTATIONS = YES;
				CLANG_WARN_DIRECT_OBJC_ISA_USAGE = YES_ERROR;
				CLANG_WARN_DOCUMENTATION_COMMENTS = YES;
				CLANG_WARN_EMPTY_BODY = YES;
				CLANG_WARN_ENUM_CONVERSION = YES;
				CLANG_WARN_INFINITE_RECURSION = YES;
				CLANG_WARN_INT_CONVERSION = YES;
				CLANG_WARN_NON_LITERAL_NULL_CONVERSION = YES;
				CLANG_WARN_OBJC_IMPLICIT_RETAIN_SELF = YES;
				CLANG_WARN_OBJC_LITERAL_CONVERSION = YES;
				CLANG_WARN_OBJC_ROOT_CLASS = YES_ERROR;
				CLANG_WARN_QUOTED_INCLUDE_IN_FRAMEWORK_HEADER = YES;
				CLANG_WARN_RANGE_LOOP_ANALYSIS = YES;
				CLANG_WARN_STRICT_PROTOTYPES = YES;
				CLANG_WARN_SUSPICIOUS_MOVE = YES;
				CLANG_WARN_UNGUARDED_AVAILABILITY = YES_AGGRESSIVE;
				CLANG_WARN_UNREACHABLE_CODE = YES;
				CLANG_WARN__DUPLICATE_METHOD_MATCH = YES;
				COPY_PHASE_STRIP = NO;
				DEBUG_INFORMATION_FORMAT = "dwarf-with-dsym";
				ENABLE_NS_ASSERTIONS = NO;
				ENABLE_STRICT_OBJC_MSGSEND = YES;
				GCC_C_LANGUAGE_STANDARD = gnu11;
				GCC_NO_COMMON_BLOCKS = YES;
				GCC_WARN_64_TO_32_BIT_CONVERSION = YES;
				GCC_WARN_ABOUT_RETURN_TYPE = YES_ERROR;
				GCC_WARN_UNDECLARED_SELECTOR = YES;
				GCC_WARN_UNINITIALIZED_AUTOS = YES_AGGRESSIVE;
				GCC_WARN_UNUSED_FUNCTION = YES;
				GCC_WARN_UNUSED_VARIABLE = YES;
				IPHONEOS_DEPLOYMENT_TARGET = 15.2;
				MTL_ENABLE_DEBUG_INFO = NO;
				MTL_FAST_MATH = YES;
				SDKROOT = iphoneos;
				SWIFT_COMPILATION_MODE = wholemodule;
				SWIFT_OPTIMIZATION_LEVEL = "-O";
				VALIDATE_PRODUCT = YES;
			};
			name = Release;
		};
		27BD5CA827AC1F4E006F8B6C /* Debug */ = {
			isa = XCBuildConfiguration;
			buildSettings = {
				ASSETCATALOG_COMPILER_APPICON_NAME = AppIcon;
				ASSETCATALOG_COMPILER_GLOBAL_ACCENT_COLOR_NAME = AccentColor;
				CODE_SIGN_STYLE = Automatic;
				CURRENT_PROJECT_VERSION = 1;
				GENERATE_INFOPLIST_FILE = YES;
				INFOPLIST_FILE = AppNationRedditProject/Info.plist;
				INFOPLIST_KEY_UIApplicationSupportsIndirectInputEvents = YES;
				INFOPLIST_KEY_UILaunchStoryboardName = LaunchScreen;
				INFOPLIST_KEY_UIMainStoryboardFile = Main;
				INFOPLIST_KEY_UISupportedInterfaceOrientations_iPad = "UIInterfaceOrientationPortrait UIInterfaceOrientationPortraitUpsideDown UIInterfaceOrientationLandscapeLeft UIInterfaceOrientationLandscapeRight";
				INFOPLIST_KEY_UISupportedInterfaceOrientations_iPhone = "UIInterfaceOrientationPortrait UIInterfaceOrientationLandscapeLeft UIInterfaceOrientationLandscapeRight";
				LD_RUNPATH_SEARCH_PATHS = (
					"$(inherited)",
					"@executable_path/Frameworks",
				);
				MARKETING_VERSION = 1.0;
				PRODUCT_BUNDLE_IDENTIFIER = com.YILDIRIMBEY.AppNationRedditProject;
				PRODUCT_NAME = "$(TARGET_NAME)";
				SWIFT_EMIT_LOC_STRINGS = YES;
				SWIFT_VERSION = 5.0;
				TARGETED_DEVICE_FAMILY = 1;
			};
			name = Debug;
		};
		27BD5CA927AC1F4E006F8B6C /* Release */ = {
			isa = XCBuildConfiguration;
			buildSettings = {
				ASSETCATALOG_COMPILER_APPICON_NAME = AppIcon;
				ASSETCATALOG_COMPILER_GLOBAL_ACCENT_COLOR_NAME = AccentColor;
				CODE_SIGN_STYLE = Automatic;
				CURRENT_PROJECT_VERSION = 1;
				GENERATE_INFOPLIST_FILE = YES;
				INFOPLIST_FILE = AppNationRedditProject/Info.plist;
				INFOPLIST_KEY_UIApplicationSupportsIndirectInputEvents = YES;
				INFOPLIST_KEY_UILaunchStoryboardName = LaunchScreen;
				INFOPLIST_KEY_UIMainStoryboardFile = Main;
				INFOPLIST_KEY_UISupportedInterfaceOrientations_iPad = "UIInterfaceOrientationPortrait UIInterfaceOrientationPortraitUpsideDown UIInterfaceOrientationLandscapeLeft UIInterfaceOrientationLandscapeRight";
				INFOPLIST_KEY_UISupportedInterfaceOrientations_iPhone = "UIInterfaceOrientationPortrait UIInterfaceOrientationLandscapeLeft UIInterfaceOrientationLandscapeRight";
				LD_RUNPATH_SEARCH_PATHS = (
					"$(inherited)",
					"@executable_path/Frameworks",
				);
				MARKETING_VERSION = 1.0;
				PRODUCT_BUNDLE_IDENTIFIER = com.YILDIRIMBEY.AppNationRedditProject;
				PRODUCT_NAME = "$(TARGET_NAME)";
				SWIFT_EMIT_LOC_STRINGS = YES;
				SWIFT_VERSION = 5.0;
				TARGETED_DEVICE_FAMILY = 1;
			};
			name = Release;
		};
/* End XCBuildConfiguration section */

/* Begin XCConfigurationList section */
		27BD5C8E27AC1F4B006F8B6C /* Build configuration list for PBXProject "AppNationRedditProject" */ = {
			isa = XCConfigurationList;
			buildConfigurations = (
				27BD5CA527AC1F4E006F8B6C /* Debug */,
				27BD5CA627AC1F4E006F8B6C /* Release */,
			);
			defaultConfigurationIsVisible = 0;
			defaultConfigurationName = Release;
		};
		27BD5CA727AC1F4E006F8B6C /* Build configuration list for PBXNativeTarget "AppNationRedditProject" */ = {
			isa = XCConfigurationList;
			buildConfigurations = (
				27BD5CA827AC1F4E006F8B6C /* Debug */,
				27BD5CA927AC1F4E006F8B6C /* Release */,
			);
			defaultConfigurationIsVisible = 0;
			defaultConfigurationName = Release;
		};
/* End XCConfigurationList section */
	};
	rootObject = 27BD5C8B27AC1F4B006F8B6C /* Project object */;
}
